
Microsoft Visual Studio Solution File, Format Version 12.00
# Visual Studio Version 17
VisualStudioVersion = 17.13.35931.197 d17.13
MinimumVisualStudioVersion = 10.0.40219.1
Project("{FAE04EC0-301F-11D3-BF4B-00C04F79EFBC}") = "MidtermOOP", "MidtermOOP.csproj", "{6A00606A-F2E4-31AD-1E95-81C0C193BC02}"
EndProject
Project("{FAE04EC0-301F-11D3-BF4B-00C04F79EFBC}") = "MidtermClassLibrary", "..\MidtermClassLibrary\MidtermClassLibrary.csproj", "{C1CF2C38-68E8-45ED-B92C-23EB98185347}"
EndProject
Global
	GlobalSection(SolutionConfigurationPlatforms) = preSolution
		Debug|Any CPU = Debug|Any CPU
		Release|Any CPU = Release|Any CPU
	EndGlobalSection
	GlobalSection(ProjectConfigurationPlatforms) = postSolution
		{6A00606A-F2E4-31AD-1E95-81C0C193BC02}.Debug|Any CPU.ActiveCfg = Debug|Any CPU
		{6A00606A-F2E4-31AD-1E95-81C0C193BC02}.Debug|Any CPU.Build.0 = Debug|Any CPU
		{6A00606A-F2E4-31AD-1E95-81C0C193BC02}.Release|Any CPU.ActiveCfg = Release|Any CPU
		{6A00606A-F2E4-31AD-1E95-81C0C193BC02}.Release|Any CPU.Build.0 = Release|Any CPU
		{C1CF2C38-68E8-45ED-B92C-23EB98185347}.Debug|Any CPU.ActiveCfg = Debug|Any CPU
		{C1CF2C38-68E8-45ED-B92C-23EB98185347}.Debug|Any CPU.Build.0 = Debug|Any CPU
		{C1CF2C38-68E8-45ED-B92C-23EB98185347}.Release|Any CPU.ActiveCfg = Release|Any CPU
		{C1CF2C38-68E8-45ED-B92C-23EB98185347}.Release|Any CPU.Build.0 = Release|Any CPU
	EndGlobalSection
	GlobalSection(SolutionProperties) = preSolution
		HideSolutionNode = FALSE
	EndGlobalSection
	GlobalSection(ExtensibilityGlobals) = postSolution
		SolutionGuid = {875E7A04-2563-47A1-8800-6C2ABB4E62EF}
	EndGlobalSection
EndGlobal
